{
  "version": 4,
  "terraform_version": "1.10.5",
  "serial": 3,
  "lineage": "07e77d94-531d-97d0-2f46-f4ae16a5c2ab",
  "outputs": {},
  "resources": [
    {
      "mode": "data",
      "type": "hcp_packer_artifact",
      "name": "latest_ami",
      "provider": "provider[\"registry.terraform.io/hashicorp/hcp\"]",
      "instances": [
        {
          "schema_version": 0,
          "attributes": {
            "bucket_name": "learn-packer-ubuntu",
            "build_id": "01JMQYHFNTXF56Q05BW5GGP22V",
            "channel_name": null,
            "component_type": "amazon-ebs.ubuntu",
            "created_at": "2025-02-22T23:11:31.044Z",
            "external_identifier": "ami-04f431279844c5b7f",
            "id": "01JMQYW974QJD3N9Y0FN7S5DVX",
            "labels": {},
            "organization_id": "de986344-35a8-4b2d-bafe-4883313ebd6a",
            "packer_run_uuid": "5da31ebf-d6d6-0c61-79ca-63d16e45cda6",
            "platform": "aws",
            "project_id": "89d570d3-0bfc-435d-b519-716c2f64cafa",
            "region": "us-east-1",
            "revoke_at": null,
            "version_fingerprint": "01JMQYHDAXAMZRA0G97KP16NF6"
          },
          "sensitive_attributes": []
        }
      ]
    },
    {
      "mode": "data",
      "type": "hcp_packer_version",
      "name": "latest",
      "provider": "provider[\"registry.terraform.io/hashicorp/hcp\"]",
      "instances": [
        {
          "schema_version": 0,
          "attributes": {
            "author_id": "simpliPrincipal",
            "bucket_name": "learn-packer-ubuntu",
            "channel_name": "latest",
            "created_at": "2025-02-22T23:05:37.015Z",
            "fingerprint": "01JMQYHDAXAMZRA0G97KP16NF6",
            "id": "01JMQYHFFQXPQWFE14G77R4JQT",
            "name": "v1",
            "organization_id": "de986344-35a8-4b2d-bafe-4883313ebd6a",
            "project_id": "89d570d3-0bfc-435d-b519-716c2f64cafa",
            "revoke_at": "0001-01-01T00:00:00.000Z",
            "updated_at": "2025-02-22T23:11:31.112Z"
          },
          "sensitive_attributes": []
        }
      ]
    },
    {
      "mode": "managed",
      "type": "aws_instance",
      "name": "web",
      "provider": "provider[\"registry.terraform.io/hashicorp/aws\"]",
      "instances": [
        {
          "schema_version": 1,
          "attributes": {
            "ami": "ami-04f431279844c5b7f",
            "arn": "arn:aws:ec2:us-east-1:723251951555:instance/i-0f6a5064092111ff8",
            "associate_public_ip_address": true,
            "availability_zone": "us-east-1b",
            "capacity_reservation_specification": [
              {
                "capacity_reservation_preference": "open",
                "capacity_reservation_target": []
              }
            ],
            "cpu_core_count": 1,
            "cpu_options": [
              {
                "amd_sev_snp": "",
                "core_count": 1,
                "threads_per_core": 1
              }
            ],
            "cpu_threads_per_core": 1,
            "credit_specification": [
              {
                "cpu_credits": "standard"
              }
            ],
            "disable_api_stop": false,
            "disable_api_termination": false,
            "ebs_block_device": [
              {
                "delete_on_termination": true,
                "device_name": "/dev/xvda",
                "encrypted": false,
                "iops": 100,
                "kms_key_id": "",
                "snapshot_id": "",
                "tags": {},
                "tags_all": {},
                "throughput": 0,
                "volume_id": "vol-01df8d5b61a7f0aa7",
                "volume_size": 10,
                "volume_type": "gp2"
              }
            ],
            "ebs_optimized": false,
            "enable_primary_ipv6": null,
            "enclave_options": [
              {
                "enabled": false
              }
            ],
            "ephemeral_block_device": [],
            "get_password_data": false,
            "hibernation": false,
            "host_id": "",
            "host_resource_group_arn": null,
            "iam_instance_profile": "",
            "id": "i-0f6a5064092111ff8",
            "instance_initiated_shutdown_behavior": "stop",
            "instance_lifecycle": "",
            "instance_market_options": [],
            "instance_state": "running",
            "instance_type": "t2.micro",
            "ipv6_address_count": 0,
            "ipv6_addresses": [],
            "key_name": "simpli",
            "launch_template": [],
            "maintenance_options": [
              {
                "auto_recovery": "default"
              }
            ],
            "metadata_options": [
              {
                "http_endpoint": "enabled",
                "http_protocol_ipv6": "disabled",
                "http_put_response_hop_limit": 1,
                "http_tokens": "optional",
                "instance_metadata_tags": "disabled"
              }
            ],
            "monitoring": false,
            "network_interface": [],
            "outpost_arn": "",
            "password_data": "",
            "placement_group": "",
            "placement_partition_number": 0,
            "primary_network_interface_id": "eni-0bfdba0a5fb582771",
            "private_dns": "ip-172-31-89-253.ec2.internal",
            "private_dns_name_options": [
              {
                "enable_resource_name_dns_a_record": false,
                "enable_resource_name_dns_aaaa_record": false,
                "hostname_type": "ip-name"
              }
            ],
            "private_ip": "172.31.89.253",
            "public_dns": "ec2-52-91-201-85.compute-1.amazonaws.com",
            "public_ip": "52.91.201.85",
            "root_block_device": [
              {
                "delete_on_termination": true,
                "device_name": "/dev/sda1",
                "encrypted": false,
                "iops": 100,
                "kms_key_id": "",
                "tags": {},
                "tags_all": {},
                "throughput": 0,
                "volume_id": "vol-0ac22256ffa5341ea",
                "volume_size": 8,
                "volume_type": "gp2"
              }
            ],
            "secondary_private_ips": [],
            "security_groups": [
              "default"
            ],
            "source_dest_check": true,
            "spot_instance_request_id": "",
            "subnet_id": "subnet-0aef9867cd5c479d9",
            "tags": {
              "Name": "Ubuntu-HCP-AMI"
            },
            "tags_all": {
              "Name": "Ubuntu-HCP-AMI"
            },
            "tenancy": "default",
            "timeouts": null,
            "user_data": null,
            "user_data_base64": null,
            "user_data_replace_on_change": false,
            "volume_tags": null,
            "vpc_security_group_ids": [
              "sg-05c4e9097eafc8d2c"
            ]
          },
          "sensitive_attributes": [],
          "private": "eyJlMmJmYjczMC1lY2FhLTExZTYtOGY4OC0zNDM2M2JjN2M0YzAiOnsiY3JlYXRlIjo2MDAwMDAwMDAwMDAsImRlbGV0ZSI6MTIwMDAwMDAwMDAwMCwicmVhZCI6OTAwMDAwMDAwMDAwLCJ1cGRhdGUiOjYwMDAwMDAwMDAwMH0sInNjaGVtYV92ZXJzaW9uIjoiMSJ9",
          "dependencies": [
            "data.hcp_packer_artifact.latest_ami",
            "data.hcp_packer_version.latest"
          ]
        }
      ]
    }
  ],
  "check_results": null
}
